
Microsoft Visual Studio Solution File, Format Version 12.00
# Visual Studio Version 17
VisualStudioVersion = 17.5.33530.505
MinimumVisualStudioVersion = 10.0.40219.1
Project("{FAE04EC0-301F-11D3-BF4B-00C04F79EFBC}") = "GerenciadorSpaceDevs", "GerenciadorSpaceDevs\GerenciadorSpaceDevs.csproj", "{BD3F5589-AC0A-47F6-88D0-447033F29A4B}"
EndProject
Global
	GlobalSection(SolutionConfigurationPlatforms) = preSolution
		Debug|Any CPU = Debug|Any CPU
		Release|Any CPU = Release|Any CPU
	EndGlobalSection
	GlobalSection(ProjectConfigurationPlatforms) = postSolution
		{BD3F5589-AC0A-47F6-88D0-447033F29A4B}.Debug|Any CPU.ActiveCfg = Debug|Any CPU
		{BD3F5589-AC0A-47F6-88D0-447033F29A4B}.Debug|Any CPU.Build.0 = Debug|Any CPU
		{BD3F5589-AC0A-47F6-88D0-447033F29A4B}.Release|Any CPU.ActiveCfg = Release|Any CPU
		{BD3F5589-AC0A-47F6-88D0-447033F29A4B}.Release|Any CPU.Build.0 = Release|Any CPU
	EndGlobalSection
	GlobalSection(SolutionProperties) = preSolution
		HideSolutionNode = FALSE
	EndGlobalSection
	GlobalSection(ExtensibilityGlobals) = postSolution
		SolutionGuid = {99269351-F529-486C-9589-6F0FDBFC8DC2}
	EndGlobalSection
EndGlobal
